
Microsoft Visual Studio Solution File, Format Version 12.00
# Visual Studio 15
VisualStudioVersion = 15.0.28010.2003
MinimumVisualStudioVersion = 10.0.40219.1
Project("{FAE04EC0-301F-11D3-BF4B-00C04F79EFBC}") = "InterfaceTenta", "InförTenta\InterfaceTenta.csproj", "{C76DFB43-4A13-4289-848A-2F3526565F27}"
EndProject
Project("{FAE04EC0-301F-11D3-BF4B-00C04F79EFBC}") = "PolyformiTenta", "PolyformiTenta\PolyformiTenta.csproj", "{5B6D2764-1FC9-4CE8-81E5-F216E0882C78}"
EndProject
Project("{FAE04EC0-301F-11D3-BF4B-00C04F79EFBC}") = "SkillnadMellanInterfaceOchAbstraktKlassTenta", "SkillnadMellanInterfaceOchAbstraktKlassTenta\SkillnadMellanInterfaceOchAbstraktKlassTenta.csproj", "{98742D22-C878-4A8C-BA37-879BFBDDF935}"
EndProject
Project("{FAE04EC0-301F-11D3-BF4B-00C04F79EFBC}") = "DelegaterTenta", "DelegaterTenta\DelegaterTenta.csproj", "{AA4184C4-3714-4AC2-A6C1-68EED998B524}"
EndProject
Project("{FAE04EC0-301F-11D3-BF4B-00C04F79EFBC}") = "LinqInförTenta", "LinqTenta\LinqInförTenta.csproj", "{1E28C826-0D3C-4EE2-973A-2ED6DD491D00}"
EndProject
Project("{FAE04EC0-301F-11D3-BF4B-00C04F79EFBC}") = "Linq2InförTenta", "Linq2InförTenta\Linq2InförTenta.csproj", "{38E28A4B-67C5-4E83-B7AB-979B4EC7ED26}"
EndProject
Project("{FAE04EC0-301F-11D3-BF4B-00C04F79EFBC}") = "Linq3InförTenta", "Linq3InförTenta\Linq3InförTenta.csproj", "{737A0B7B-A973-4256-A2D5-58E2832A6DBD}"
EndProject
Project("{FAE04EC0-301F-11D3-BF4B-00C04F79EFBC}") = "EventsOchMultiCastsDelegatesInförTenta", "EventsOchMultiCastsDelegatesInförTenta\EventsOchMultiCastsDelegatesInförTenta.csproj", "{319144D1-4468-4FA2-ABC4-39BA32548583}"
EndProject
Project("{FAE04EC0-301F-11D3-BF4B-00C04F79EFBC}") = "EventsOchMultiCastsDelegatesInförTenta2", "EventsOchMultiCastsDelegatesInförTenta2\EventsOchMultiCastsDelegatesInförTenta2.csproj", "{97FC94FF-32F8-4E0C-AA4F-E81CBC402218}"
EndProject
Project("{FAE04EC0-301F-11D3-BF4B-00C04F79EFBC}") = "EventsOchMultiCastsDelegatesInförTenta3", "EventsOchMultiCastsDelegatesInförTenta3\EventsOchMultiCastsDelegatesInförTenta3.csproj", "{398C664D-A3D8-4FDA-B9A5-6071C5423FA4}"
EndProject
Project("{FAE04EC0-301F-11D3-BF4B-00C04F79EFBC}") = "GenericsInförTenta", "GenericsInförTenta\GenericsInförTenta.csproj", "{2D011B07-6D0E-4887-B770-F56B84E27AE8}"
EndProject
Project("{FAE04EC0-301F-11D3-BF4B-00C04F79EFBC}") = "EgenExceptionClassInförTenta", "EgenExceptionClassInförTenta\EgenExceptionClassInförTenta.csproj", "{9583F1DA-EF39-467B-8A05-CC2BC9FFD4B8}"
EndProject
Project("{FAE04EC0-301F-11D3-BF4B-00C04F79EFBC}") = "ExtensionMethodInförTenta", "ExtensionMethodInförTenta\ExtensionMethodInförTenta.csproj", "{3E1370A2-5EF2-439F-A2AA-DB2EB836745B}"
EndProject
Project("{FAE04EC0-301F-11D3-BF4B-00C04F79EFBC}") = "EnumSwitchSatsInförTEnta", "EnumSwitchSatsInförTEnta\EnumSwitchSatsInförTEnta.csproj", "{5ECCF963-2C71-4871-86E0-BC19D2F69846}"
EndProject
Project("{FAE04EC0-301F-11D3-BF4B-00C04F79EFBC}") = "InterfaceImplicitVSExplicitImplemntationInförTenta", "InterfaceImplicitVSExplicitImplemntationInförTenta\InterfaceImplicitVSExplicitImplemntationInförTenta.csproj", "{874F9424-548E-447F-86BA-1633ACD6D167}"
EndProject
Project("{FAE04EC0-301F-11D3-BF4B-00C04F79EFBC}") = "BoxingUnBoxingInförTenta", "BoxingUnBoxingInförTenta\BoxingUnBoxingInförTenta.csproj", "{51B2AE8E-037F-49E3-B70C-9C1211D8BE0F}"
EndProject
Global
	GlobalSection(SolutionConfigurationPlatforms) = preSolution
		Debug|Any CPU = Debug|Any CPU
		Release|Any CPU = Release|Any CPU
	EndGlobalSection
	GlobalSection(ProjectConfigurationPlatforms) = postSolution
		{C76DFB43-4A13-4289-848A-2F3526565F27}.Debug|Any CPU.ActiveCfg = Debug|Any CPU
		{C76DFB43-4A13-4289-848A-2F3526565F27}.Debug|Any CPU.Build.0 = Debug|Any CPU
		{C76DFB43-4A13-4289-848A-2F3526565F27}.Release|Any CPU.ActiveCfg = Release|Any CPU
		{C76DFB43-4A13-4289-848A-2F3526565F27}.Release|Any CPU.Build.0 = Release|Any CPU
		{5B6D2764-1FC9-4CE8-81E5-F216E0882C78}.Debug|Any CPU.ActiveCfg = Debug|Any CPU
		{5B6D2764-1FC9-4CE8-81E5-F216E0882C78}.Debug|Any CPU.Build.0 = Debug|Any CPU
		{5B6D2764-1FC9-4CE8-81E5-F216E0882C78}.Release|Any CPU.ActiveCfg = Release|Any CPU
		{5B6D2764-1FC9-4CE8-81E5-F216E0882C78}.Release|Any CPU.Build.0 = Release|Any CPU
		{98742D22-C878-4A8C-BA37-879BFBDDF935}.Debug|Any CPU.ActiveCfg = Debug|Any CPU
		{98742D22-C878-4A8C-BA37-879BFBDDF935}.Debug|Any CPU.Build.0 = Debug|Any CPU
		{98742D22-C878-4A8C-BA37-879BFBDDF935}.Release|Any CPU.ActiveCfg = Release|Any CPU
		{98742D22-C878-4A8C-BA37-879BFBDDF935}.Release|Any CPU.Build.0 = Release|Any CPU
		{AA4184C4-3714-4AC2-A6C1-68EED998B524}.Debug|Any CPU.ActiveCfg = Debug|Any CPU
		{AA4184C4-3714-4AC2-A6C1-68EED998B524}.Debug|Any CPU.Build.0 = Debug|Any CPU
		{AA4184C4-3714-4AC2-A6C1-68EED998B524}.Release|Any CPU.ActiveCfg = Release|Any CPU
		{AA4184C4-3714-4AC2-A6C1-68EED998B524}.Release|Any CPU.Build.0 = Release|Any CPU
		{1E28C826-0D3C-4EE2-973A-2ED6DD491D00}.Debug|Any CPU.ActiveCfg = Debug|Any CPU
		{1E28C826-0D3C-4EE2-973A-2ED6DD491D00}.Debug|Any CPU.Build.0 = Debug|Any CPU
		{1E28C826-0D3C-4EE2-973A-2ED6DD491D00}.Release|Any CPU.ActiveCfg = Release|Any CPU
		{1E28C826-0D3C-4EE2-973A-2ED6DD491D00}.Release|Any CPU.Build.0 = Release|Any CPU
		{38E28A4B-67C5-4E83-B7AB-979B4EC7ED26}.Debug|Any CPU.ActiveCfg = Debug|Any CPU
		{38E28A4B-67C5-4E83-B7AB-979B4EC7ED26}.Debug|Any CPU.Build.0 = Debug|Any CPU
		{38E28A4B-67C5-4E83-B7AB-979B4EC7ED26}.Release|Any CPU.ActiveCfg = Release|Any CPU
		{38E28A4B-67C5-4E83-B7AB-979B4EC7ED26}.Release|Any CPU.Build.0 = Release|Any CPU
		{737A0B7B-A973-4256-A2D5-58E2832A6DBD}.Debug|Any CPU.ActiveCfg = Debug|Any CPU
		{737A0B7B-A973-4256-A2D5-58E2832A6DBD}.Debug|Any CPU.Build.0 = Debug|Any CPU
		{737A0B7B-A973-4256-A2D5-58E2832A6DBD}.Release|Any CPU.ActiveCfg = Release|Any CPU
		{737A0B7B-A973-4256-A2D5-58E2832A6DBD}.Release|Any CPU.Build.0 = Release|Any CPU
		{319144D1-4468-4FA2-ABC4-39BA32548583}.Debug|Any CPU.ActiveCfg = Debug|Any CPU
		{319144D1-4468-4FA2-ABC4-39BA32548583}.Debug|Any CPU.Build.0 = Debug|Any CPU
		{319144D1-4468-4FA2-ABC4-39BA32548583}.Release|Any CPU.ActiveCfg = Release|Any CPU
		{319144D1-4468-4FA2-ABC4-39BA32548583}.Release|Any CPU.Build.0 = Release|Any CPU
		{97FC94FF-32F8-4E0C-AA4F-E81CBC402218}.Debug|Any CPU.ActiveCfg = Debug|Any CPU
		{97FC94FF-32F8-4E0C-AA4F-E81CBC402218}.Debug|Any CPU.Build.0 = Debug|Any CPU
		{97FC94FF-32F8-4E0C-AA4F-E81CBC402218}.Release|Any CPU.ActiveCfg = Release|Any CPU
		{97FC94FF-32F8-4E0C-AA4F-E81CBC402218}.Release|Any CPU.Build.0 = Release|Any CPU
		{398C664D-A3D8-4FDA-B9A5-6071C5423FA4}.Debug|Any CPU.ActiveCfg = Debug|Any CPU
		{398C664D-A3D8-4FDA-B9A5-6071C5423FA4}.Debug|Any CPU.Build.0 = Debug|Any CPU
		{398C664D-A3D8-4FDA-B9A5-6071C5423FA4}.Release|Any CPU.ActiveCfg = Release|Any CPU
		{398C664D-A3D8-4FDA-B9A5-6071C5423FA4}.Release|Any CPU.Build.0 = Release|Any CPU
		{2D011B07-6D0E-4887-B770-F56B84E27AE8}.Debug|Any CPU.ActiveCfg = Debug|Any CPU
		{2D011B07-6D0E-4887-B770-F56B84E27AE8}.Debug|Any CPU.Build.0 = Debug|Any CPU
		{2D011B07-6D0E-4887-B770-F56B84E27AE8}.Release|Any CPU.ActiveCfg = Release|Any CPU
		{2D011B07-6D0E-4887-B770-F56B84E27AE8}.Release|Any CPU.Build.0 = Release|Any CPU
		{9583F1DA-EF39-467B-8A05-CC2BC9FFD4B8}.Debug|Any CPU.ActiveCfg = Debug|Any CPU
		{9583F1DA-EF39-467B-8A05-CC2BC9FFD4B8}.Debug|Any CPU.Build.0 = Debug|Any CPU
		{9583F1DA-EF39-467B-8A05-CC2BC9FFD4B8}.Release|Any CPU.ActiveCfg = Release|Any CPU
		{9583F1DA-EF39-467B-8A05-CC2BC9FFD4B8}.Release|Any CPU.Build.0 = Release|Any CPU
		{3E1370A2-5EF2-439F-A2AA-DB2EB836745B}.Debug|Any CPU.ActiveCfg = Debug|Any CPU
		{3E1370A2-5EF2-439F-A2AA-DB2EB836745B}.Debug|Any CPU.Build.0 = Debug|Any CPU
		{3E1370A2-5EF2-439F-A2AA-DB2EB836745B}.Release|Any CPU.ActiveCfg = Release|Any CPU
		{3E1370A2-5EF2-439F-A2AA-DB2EB836745B}.Release|Any CPU.Build.0 = Release|Any CPU
		{5ECCF963-2C71-4871-86E0-BC19D2F69846}.Debug|Any CPU.ActiveCfg = Debug|Any CPU
		{5ECCF963-2C71-4871-86E0-BC19D2F69846}.Debug|Any CPU.Build.0 = Debug|Any CPU
		{5ECCF963-2C71-4871-86E0-BC19D2F69846}.Release|Any CPU.ActiveCfg = Release|Any CPU
		{5ECCF963-2C71-4871-86E0-BC19D2F69846}.Release|Any CPU.Build.0 = Release|Any CPU
		{874F9424-548E-447F-86BA-1633ACD6D167}.Debug|Any CPU.ActiveCfg = Debug|Any CPU
		{874F9424-548E-447F-86BA-1633ACD6D167}.Debug|Any CPU.Build.0 = Debug|Any CPU
		{874F9424-548E-447F-86BA-1633ACD6D167}.Release|Any CPU.ActiveCfg = Release|Any CPU
		{874F9424-548E-447F-86BA-1633ACD6D167}.Release|Any CPU.Build.0 = Release|Any CPU
		{51B2AE8E-037F-49E3-B70C-9C1211D8BE0F}.Debug|Any CPU.ActiveCfg = Debug|Any CPU
		{51B2AE8E-037F-49E3-B70C-9C1211D8BE0F}.Debug|Any CPU.Build.0 = Debug|Any CPU
		{51B2AE8E-037F-49E3-B70C-9C1211D8BE0F}.Release|Any CPU.ActiveCfg = Release|Any CPU
		{51B2AE8E-037F-49E3-B70C-9C1211D8BE0F}.Release|Any CPU.Build.0 = Release|Any CPU
	EndGlobalSection
	GlobalSection(SolutionProperties) = preSolution
		HideSolutionNode = FALSE
	EndGlobalSection
	GlobalSection(ExtensibilityGlobals) = postSolution
		SolutionGuid = {6A99ADEF-EDD0-43C4-A162-B04C74EA92C8}
	EndGlobalSection
EndGlobal
